
Microsoft Visual Studio Solution File, Format Version 12.00
# Visual Studio Version 17
VisualStudioVersion = 17.2.32616.157
MinimumVisualStudioVersion = 10.0.40219.1
Project("{9A19103F-16F7-4668-BE54-9A1E7A4F7556}") = "qualityControl.application", "qualityControl.application.prj\qualityControl.application.csproj", "{8CD48205-7116-4B51-AE73-9F95FAE6D18C}"
EndProject
Global
	GlobalSection(SolutionConfigurationPlatforms) = preSolution
		Debug|Any CPU = Debug|Any CPU
		Debug|x64 = Debug|x64
		Release|Any CPU = Release|Any CPU
		Release|x64 = Release|x64
	EndGlobalSection
	GlobalSection(ProjectConfigurationPlatforms) = postSolution
		{8CD48205-7116-4B51-AE73-9F95FAE6D18C}.Debug|Any CPU.ActiveCfg = Debug|Any CPU
		{8CD48205-7116-4B51-AE73-9F95FAE6D18C}.Debug|Any CPU.Build.0 = Debug|Any CPU
		{8CD48205-7116-4B51-AE73-9F95FAE6D18C}.Debug|x64.ActiveCfg = Debug|x64
		{8CD48205-7116-4B51-AE73-9F95FAE6D18C}.Debug|x64.Build.0 = Debug|x64
		{8CD48205-7116-4B51-AE73-9F95FAE6D18C}.Release|Any CPU.ActiveCfg = Release|Any CPU
		{8CD48205-7116-4B51-AE73-9F95FAE6D18C}.Release|Any CPU.Build.0 = Release|Any CPU
		{8CD48205-7116-4B51-AE73-9F95FAE6D18C}.Release|x64.ActiveCfg = Release|Any CPU
		{8CD48205-7116-4B51-AE73-9F95FAE6D18C}.Release|x64.Build.0 = Release|Any CPU
	EndGlobalSection
	GlobalSection(SolutionProperties) = preSolution
		HideSolutionNode = FALSE
	EndGlobalSection
	GlobalSection(ExtensibilityGlobals) = postSolution
		SolutionGuid = {E4D25AA1-8A89-4833-A806-F28791C55A68}
	EndGlobalSection
EndGlobal
